
Microsoft Visual Studio Solution File, Format Version 12.00
# Visual Studio Version 16
VisualStudioVersion = 16.0.30002.166
MinimumVisualStudioVersion = 10.0.40219.1
Project("{FAE04EC0-301F-11D3-BF4B-00C04F79EFBC}") = "FileUpload.MVC", "FileUpload.MVC\FileUpload.MVC.csproj", "{26AEC272-32AD-4379-A5EA-65FE6D602D28}"
EndProject
Global
	GlobalSection(SolutionConfigurationPlatforms) = preSolution
		Debug|Any CPU = Debug|Any CPU
		Release|Any CPU = Release|Any CPU
	EndGlobalSection
	GlobalSection(ProjectConfigurationPlatforms) = postSolution
		{26AEC272-32AD-4379-A5EA-65FE6D602D28}.Debug|Any CPU.ActiveCfg = Debug|Any CPU
		{26AEC272-32AD-4379-A5EA-65FE6D602D28}.Debug|Any CPU.Build.0 = Debug|Any CPU
		{26AEC272-32AD-4379-A5EA-65FE6D602D28}.Release|Any CPU.ActiveCfg = Release|Any CPU
		{26AEC272-32AD-4379-A5EA-65FE6D602D28}.Release|Any CPU.Build.0 = Release|Any CPU
	EndGlobalSection
	GlobalSection(SolutionProperties) = preSolution
		HideSolutionNode = FALSE
	EndGlobalSection
	GlobalSection(ExtensibilityGlobals) = postSolution
		SolutionGuid = {E7429457-B510-47EB-9008-7EB50B8FE750}
	EndGlobalSection
EndGlobal
